
Microsoft Visual Studio Solution File, Format Version 12.00
# Visual Studio Version 17
VisualStudioVersion = 17.7.34024.191
MinimumVisualStudioVersion = 10.0.40219.1
Project("{FAE04EC0-301F-11D3-BF4B-00C04F79EFBC}") = "SCHAPI.Domain", "SCHAPI.Domain\SCHAPI.Domain.csproj", "{55210DBE-D22C-4820-953C-EC6BA8484809}"
EndProject
Project("{FAE04EC0-301F-11D3-BF4B-00C04F79EFBC}") = "SCHAPI.Infrastructure", "SCHAPI.Infrastructure\SCHAPI.Infrastructure.csproj", "{895942DB-4653-41AF-B138-30F44C06DA8E}"
EndProject
Project("{FAE04EC0-301F-11D3-BF4B-00C04F79EFBC}") = "SCHAPI.Application", "SCHAPI.Application\SCHAPI.Application.csproj", "{C2EBB5DD-546C-4119-8C24-3706113BCFEE}"
EndProject
Project("{FAE04EC0-301F-11D3-BF4B-00C04F79EFBC}") = "SCHAPI.Utilities", "SCHAPI.Utilities\SCHAPI.Utilities.csproj", "{4621DA7B-D1A2-44B6-94E9-197D05A97D53}"
EndProject
Project("{FAE04EC0-301F-11D3-BF4B-00C04F79EFBC}") = "SCHAPI.Api", "SCHAPI.Api\SCHAPI.Api.csproj", "{6FBC03A1-07E3-4758-B20F-EA2D0E0B1DCD}"
EndProject
Global
	GlobalSection(SolutionConfigurationPlatforms) = preSolution
		Debug|Any CPU = Debug|Any CPU
		Release|Any CPU = Release|Any CPU
	EndGlobalSection
	GlobalSection(ProjectConfigurationPlatforms) = postSolution
		{55210DBE-D22C-4820-953C-EC6BA8484809}.Debug|Any CPU.ActiveCfg = Debug|Any CPU
		{55210DBE-D22C-4820-953C-EC6BA8484809}.Debug|Any CPU.Build.0 = Debug|Any CPU
		{55210DBE-D22C-4820-953C-EC6BA8484809}.Release|Any CPU.ActiveCfg = Release|Any CPU
		{55210DBE-D22C-4820-953C-EC6BA8484809}.Release|Any CPU.Build.0 = Release|Any CPU
		{895942DB-4653-41AF-B138-30F44C06DA8E}.Debug|Any CPU.ActiveCfg = Debug|Any CPU
		{895942DB-4653-41AF-B138-30F44C06DA8E}.Debug|Any CPU.Build.0 = Debug|Any CPU
		{895942DB-4653-41AF-B138-30F44C06DA8E}.Release|Any CPU.ActiveCfg = Release|Any CPU
		{895942DB-4653-41AF-B138-30F44C06DA8E}.Release|Any CPU.Build.0 = Release|Any CPU
		{C2EBB5DD-546C-4119-8C24-3706113BCFEE}.Debug|Any CPU.ActiveCfg = Debug|Any CPU
		{C2EBB5DD-546C-4119-8C24-3706113BCFEE}.Debug|Any CPU.Build.0 = Debug|Any CPU
		{C2EBB5DD-546C-4119-8C24-3706113BCFEE}.Release|Any CPU.ActiveCfg = Release|Any CPU
		{C2EBB5DD-546C-4119-8C24-3706113BCFEE}.Release|Any CPU.Build.0 = Release|Any CPU
		{4621DA7B-D1A2-44B6-94E9-197D05A97D53}.Debug|Any CPU.ActiveCfg = Debug|Any CPU
		{4621DA7B-D1A2-44B6-94E9-197D05A97D53}.Debug|Any CPU.Build.0 = Debug|Any CPU
		{4621DA7B-D1A2-44B6-94E9-197D05A97D53}.Release|Any CPU.ActiveCfg = Release|Any CPU
		{4621DA7B-D1A2-44B6-94E9-197D05A97D53}.Release|Any CPU.Build.0 = Release|Any CPU
		{6FBC03A1-07E3-4758-B20F-EA2D0E0B1DCD}.Debug|Any CPU.ActiveCfg = Debug|Any CPU
		{6FBC03A1-07E3-4758-B20F-EA2D0E0B1DCD}.Debug|Any CPU.Build.0 = Debug|Any CPU
		{6FBC03A1-07E3-4758-B20F-EA2D0E0B1DCD}.Release|Any CPU.ActiveCfg = Release|Any CPU
		{6FBC03A1-07E3-4758-B20F-EA2D0E0B1DCD}.Release|Any CPU.Build.0 = Release|Any CPU
	EndGlobalSection
	GlobalSection(SolutionProperties) = preSolution
		HideSolutionNode = FALSE
	EndGlobalSection
	GlobalSection(ExtensibilityGlobals) = postSolution
		SolutionGuid = {76952B14-5936-492B-97A9-16A1ADD9A319}
	EndGlobalSection
EndGlobal
