
Microsoft Visual Studio Solution File, Format Version 12.00
# Visual Studio Version 17
VisualStudioVersion = 17.7.34024.191
MinimumVisualStudioVersion = 10.0.40219.1
Project("{9A19103F-16F7-4668-BE54-9A1E7A4F7556}") = "SCHAPI.Domain", "SCHAPI.Domain\SCHAPI.Domain.csproj", "{55210DBE-D22C-4820-953C-EC6BA8484809}"
EndProject
Project("{9A19103F-16F7-4668-BE54-9A1E7A4F7556}") = "SCHAPI.Infrastructure", "SCHAPI.Infrastructure\SCHAPI.Infrastructure.csproj", "{895942DB-4653-41AF-B138-30F44C06DA8E}"
EndProject
Project("{9A19103F-16F7-4668-BE54-9A1E7A4F7556}") = "SCHAPI.Application", "SCHAPI.Application\SCHAPI.Application.csproj", "{C2EBB5DD-546C-4119-8C24-3706113BCFEE}"
EndProject
Project("{9A19103F-16F7-4668-BE54-9A1E7A4F7556}") = "SCHAPI.Utilities", "SCHAPI.Utilities\SCHAPI.Utilities.csproj", "{4621DA7B-D1A2-44B6-94E9-197D05A97D53}"
EndProject
Project("{9A19103F-16F7-4668-BE54-9A1E7A4F7556}") = "SCHAPI.Api", "SCHAPI.Api\SCHAPI.Api.csproj", "{6FBC03A1-07E3-4758-B20F-EA2D0E0B1DCD}"
EndProject
Project("{2150E333-8FDC-42A3-9474-1A3956D46DE8}") = "Elementos de la solución", "Elementos de la solución", "{3F7AD370-D463-482C-ADA9-26642AC84F58}"
	ProjectSection(SolutionItems) = preProject
		Directory.Packages.props = Directory.Packages.props
	EndProjectSection
EndProject
Global
	GlobalSection(SolutionConfigurationPlatforms) = preSolution
		Debug|Any CPU = Debug|Any CPU
		Release|Any CPU = Release|Any CPU
	EndGlobalSection
	GlobalSection(ProjectConfigurationPlatforms) = postSolution
		{55210DBE-D22C-4820-953C-EC6BA8484809}.Debug|Any CPU.ActiveCfg = Debug|Any CPU
		{55210DBE-D22C-4820-953C-EC6BA8484809}.Debug|Any CPU.Build.0 = Debug|Any CPU
		{55210DBE-D22C-4820-953C-EC6BA8484809}.Release|Any CPU.ActiveCfg = Release|Any CPU
		{55210DBE-D22C-4820-953C-EC6BA8484809}.Release|Any CPU.Build.0 = Release|Any CPU
		{895942DB-4653-41AF-B138-30F44C06DA8E}.Debug|Any CPU.ActiveCfg = Debug|Any CPU
		{895942DB-4653-41AF-B138-30F44C06DA8E}.Debug|Any CPU.Build.0 = Debug|Any CPU
		{895942DB-4653-41AF-B138-30F44C06DA8E}.Release|Any CPU.ActiveCfg = Release|Any CPU
		{895942DB-4653-41AF-B138-30F44C06DA8E}.Release|Any CPU.Build.0 = Release|Any CPU
		{C2EBB5DD-546C-4119-8C24-3706113BCFEE}.Debug|Any CPU.ActiveCfg = Debug|Any CPU
		{C2EBB5DD-546C-4119-8C24-3706113BCFEE}.Debug|Any CPU.Build.0 = Debug|Any CPU
		{C2EBB5DD-546C-4119-8C24-3706113BCFEE}.Release|Any CPU.ActiveCfg = Release|Any CPU
		{C2EBB5DD-546C-4119-8C24-3706113BCFEE}.Release|Any CPU.Build.0 = Release|Any CPU
		{4621DA7B-D1A2-44B6-94E9-197D05A97D53}.Debug|Any CPU.ActiveCfg = Debug|Any CPU
		{4621DA7B-D1A2-44B6-94E9-197D05A97D53}.Debug|Any CPU.Build.0 = Debug|Any CPU
		{4621DA7B-D1A2-44B6-94E9-197D05A97D53}.Release|Any CPU.ActiveCfg = Release|Any CPU
		{4621DA7B-D1A2-44B6-94E9-197D05A97D53}.Release|Any CPU.Build.0 = Release|Any CPU
		{6FBC03A1-07E3-4758-B20F-EA2D0E0B1DCD}.Debug|Any CPU.ActiveCfg = Debug|Any CPU
		{6FBC03A1-07E3-4758-B20F-EA2D0E0B1DCD}.Debug|Any CPU.Build.0 = Debug|Any CPU
		{6FBC03A1-07E3-4758-B20F-EA2D0E0B1DCD}.Release|Any CPU.ActiveCfg = Release|Any CPU
		{6FBC03A1-07E3-4758-B20F-EA2D0E0B1DCD}.Release|Any CPU.Build.0 = Release|Any CPU
	EndGlobalSection
	GlobalSection(SolutionProperties) = preSolution
		HideSolutionNode = FALSE
	EndGlobalSection
	GlobalSection(ExtensibilityGlobals) = postSolution
		SolutionGuid = {76952B14-5936-492B-97A9-16A1ADD9A319}
	EndGlobalSection
EndGlobal
